
Microsoft Visual Studio Solution File, Format Version 12.00
# Visual Studio 15
VisualStudioVersion = 15.0.28307.572
MinimumVisualStudioVersion = 10.0.40219.1
Project("{9A19103F-16F7-4668-BE54-9A1E7A4F7556}") = "PragmaBrewery.API", "PragmaBrewery.API\PragmaBrewery.API.csproj", "{59E6594F-B6AC-42A1-816E-42EEFF34D808}"
EndProject
Project("{FAE04EC0-301F-11D3-BF4B-00C04F79EFBC}") = "PragmaBrewery.API.Tests", "PragmaBrewery.API.Tests\PragmaBrewery.API.Tests.csproj", "{D44F67C0-9167-4BA5-9522-05576E7239D3}"
EndProject
Global
	GlobalSection(SolutionConfigurationPlatforms) = preSolution
		Debug|Any CPU = Debug|Any CPU
		Release|Any CPU = Release|Any CPU
	EndGlobalSection
	GlobalSection(ProjectConfigurationPlatforms) = postSolution
		{59E6594F-B6AC-42A1-816E-42EEFF34D808}.Debug|Any CPU.ActiveCfg = Debug|Any CPU
		{59E6594F-B6AC-42A1-816E-42EEFF34D808}.Debug|Any CPU.Build.0 = Debug|Any CPU
		{59E6594F-B6AC-42A1-816E-42EEFF34D808}.Release|Any CPU.ActiveCfg = Release|Any CPU
		{59E6594F-B6AC-42A1-816E-42EEFF34D808}.Release|Any CPU.Build.0 = Release|Any CPU
		{D44F67C0-9167-4BA5-9522-05576E7239D3}.Debug|Any CPU.ActiveCfg = Debug|Any CPU
		{D44F67C0-9167-4BA5-9522-05576E7239D3}.Debug|Any CPU.Build.0 = Debug|Any CPU
		{D44F67C0-9167-4BA5-9522-05576E7239D3}.Release|Any CPU.ActiveCfg = Release|Any CPU
		{D44F67C0-9167-4BA5-9522-05576E7239D3}.Release|Any CPU.Build.0 = Release|Any CPU
	EndGlobalSection
	GlobalSection(SolutionProperties) = preSolution
		HideSolutionNode = FALSE
	EndGlobalSection
	GlobalSection(ExtensibilityGlobals) = postSolution
		SolutionGuid = {59DC6BA2-CFAF-47F4-BA22-F6494D651F7E}
	EndGlobalSection
EndGlobal
